
Microsoft Visual Studio Solution File, Format Version 12.00
# Visual Studio Version 16
VisualStudioVersion = 16.0.29905.134
MinimumVisualStudioVersion = 10.0.40219.1
Project("{9A19103F-16F7-4668-BE54-9A1E7A4F7556}") = "Task_1", "Task_1\Task_1.csproj", "{842591B4-0D36-412D-AFC8-7B856C98A367}"
EndProject
Project("{FAE04EC0-301F-11D3-BF4B-00C04F79EFBC}") = "Task_1Tests", "Task_1Tests\Task_1Tests.csproj", "{B86CED9C-350A-4893-86F4-3655705EA9A4}"
EndProject
Global
	GlobalSection(SolutionConfigurationPlatforms) = preSolution
		Debug|Any CPU = Debug|Any CPU
		Release|Any CPU = Release|Any CPU
	EndGlobalSection
	GlobalSection(ProjectConfigurationPlatforms) = postSolution
		{842591B4-0D36-412D-AFC8-7B856C98A367}.Debug|Any CPU.ActiveCfg = Debug|Any CPU
		{842591B4-0D36-412D-AFC8-7B856C98A367}.Debug|Any CPU.Build.0 = Debug|Any CPU
		{842591B4-0D36-412D-AFC8-7B856C98A367}.Release|Any CPU.ActiveCfg = Release|Any CPU
		{842591B4-0D36-412D-AFC8-7B856C98A367}.Release|Any CPU.Build.0 = Release|Any CPU
		{B86CED9C-350A-4893-86F4-3655705EA9A4}.Debug|Any CPU.ActiveCfg = Debug|Any CPU
		{B86CED9C-350A-4893-86F4-3655705EA9A4}.Debug|Any CPU.Build.0 = Debug|Any CPU
		{B86CED9C-350A-4893-86F4-3655705EA9A4}.Release|Any CPU.ActiveCfg = Release|Any CPU
		{B86CED9C-350A-4893-86F4-3655705EA9A4}.Release|Any CPU.Build.0 = Release|Any CPU
	EndGlobalSection
	GlobalSection(SolutionProperties) = preSolution
		HideSolutionNode = FALSE
	EndGlobalSection
	GlobalSection(ExtensibilityGlobals) = postSolution
		SolutionGuid = {CCF9B77E-49DB-4273-B449-2256935A098F}
	EndGlobalSection
EndGlobal
